
Microsoft Visual Studio Solution File, Format Version 12.00
# Visual Studio Version 16
VisualStudioVersion = 16.0.29215.179
MinimumVisualStudioVersion = 10.0.40219.1
Project("{9A19103F-16F7-4668-BE54-9A1E7A4F7556}") = "Project.API", "Project.API\Project.API.csproj", "{62E79B9B-A096-4965-B433-810D07B8F9BB}"
EndProject
Project("{9A19103F-16F7-4668-BE54-9A1E7A4F7556}") = "Project.Domain", "Project.Domain\Project.Domain.csproj", "{7F8D08DC-2A3B-4224-B1A8-91E0AFA8BB6C}"
EndProject
Project("{9A19103F-16F7-4668-BE54-9A1E7A4F7556}") = "Project.Infrastructure", "Project.Infrastructure\Project.Infrastructure.csproj", "{193E202E-19A6-47BC-B785-698D7E71B9D6}"
EndProject
Global
	GlobalSection(SolutionConfigurationPlatforms) = preSolution
		Debug|Any CPU = Debug|Any CPU
		Release|Any CPU = Release|Any CPU
	EndGlobalSection
	GlobalSection(ProjectConfigurationPlatforms) = postSolution
		{62E79B9B-A096-4965-B433-810D07B8F9BB}.Debug|Any CPU.ActiveCfg = Debug|Any CPU
		{62E79B9B-A096-4965-B433-810D07B8F9BB}.Debug|Any CPU.Build.0 = Debug|Any CPU
		{62E79B9B-A096-4965-B433-810D07B8F9BB}.Release|Any CPU.ActiveCfg = Release|Any CPU
		{62E79B9B-A096-4965-B433-810D07B8F9BB}.Release|Any CPU.Build.0 = Release|Any CPU
		{7F8D08DC-2A3B-4224-B1A8-91E0AFA8BB6C}.Debug|Any CPU.ActiveCfg = Debug|Any CPU
		{7F8D08DC-2A3B-4224-B1A8-91E0AFA8BB6C}.Debug|Any CPU.Build.0 = Debug|Any CPU
		{7F8D08DC-2A3B-4224-B1A8-91E0AFA8BB6C}.Release|Any CPU.ActiveCfg = Release|Any CPU
		{7F8D08DC-2A3B-4224-B1A8-91E0AFA8BB6C}.Release|Any CPU.Build.0 = Release|Any CPU
		{193E202E-19A6-47BC-B785-698D7E71B9D6}.Debug|Any CPU.ActiveCfg = Debug|Any CPU
		{193E202E-19A6-47BC-B785-698D7E71B9D6}.Debug|Any CPU.Build.0 = Debug|Any CPU
		{193E202E-19A6-47BC-B785-698D7E71B9D6}.Release|Any CPU.ActiveCfg = Release|Any CPU
		{193E202E-19A6-47BC-B785-698D7E71B9D6}.Release|Any CPU.Build.0 = Release|Any CPU
	EndGlobalSection
	GlobalSection(SolutionProperties) = preSolution
		HideSolutionNode = FALSE
	EndGlobalSection
	GlobalSection(ExtensibilityGlobals) = postSolution
		SolutionGuid = {B3D9A882-7E7A-4CEA-9D0B-4CD7E4AA431E}
	EndGlobalSection
EndGlobal
